
Microsoft Visual Studio Solution File, Format Version 12.00
# Visual Studio 14
VisualStudioVersion = 14.0.25420.1
MinimumVisualStudioVersion = 10.0.40219.1
Project("{FAE04EC0-301F-11D3-BF4B-00C04F79EFBC}") = "PicAxe", "PicAxe\PicAxe.csproj", "{ABFC2F55-72E9-4059-AC97-0EC4210F59CF}"
EndProject
Global
	GlobalSection(SolutionConfigurationPlatforms) = preSolution
		Debug|Any CPU = Debug|Any CPU
		Release|Any CPU = Release|Any CPU
	EndGlobalSection
	GlobalSection(ProjectConfigurationPlatforms) = postSolution
		{ABFC2F55-72E9-4059-AC97-0EC4210F59CF}.Debug|Any CPU.ActiveCfg = Debug|Any CPU
		{ABFC2F55-72E9-4059-AC97-0EC4210F59CF}.Debug|Any CPU.Build.0 = Debug|Any CPU
		{ABFC2F55-72E9-4059-AC97-0EC4210F59CF}.Release|Any CPU.ActiveCfg = Release|Any CPU
		{ABFC2F55-72E9-4059-AC97-0EC4210F59CF}.Release|Any CPU.Build.0 = Release|Any CPU
	EndGlobalSection
	GlobalSection(SolutionProperties) = preSolution
		HideSolutionNode = FALSE
	EndGlobalSection
EndGlobal
